
Microsoft Visual Studio Solution File, Format Version 12.00
# Visual Studio Version 17
VisualStudioVersion = 17.7.34031.279
MinimumVisualStudioVersion = 10.0.40219.1
Project("{FAE04EC0-301F-11D3-BF4B-00C04F79EFBC}") = "Jewely_Energie", "Jewely_Energie.csproj", "{D36A41EE-3807-453A-B488-EA3959D27837}"
EndProject
Global
	GlobalSection(SolutionConfigurationPlatforms) = preSolution
		Debug|Any CPU = Debug|Any CPU
		Release|Any CPU = Release|Any CPU
	EndGlobalSection
	GlobalSection(ProjectConfigurationPlatforms) = postSolution
		{D36A41EE-3807-453A-B488-EA3959D27837}.Debug|Any CPU.ActiveCfg = Debug|Any CPU
		{D36A41EE-3807-453A-B488-EA3959D27837}.Debug|Any CPU.Build.0 = Debug|Any CPU
		{D36A41EE-3807-453A-B488-EA3959D27837}.Release|Any CPU.ActiveCfg = Release|Any CPU
		{D36A41EE-3807-453A-B488-EA3959D27837}.Release|Any CPU.Build.0 = Release|Any CPU
	EndGlobalSection
	GlobalSection(SolutionProperties) = preSolution
		HideSolutionNode = FALSE
	EndGlobalSection
	GlobalSection(ExtensibilityGlobals) = postSolution
		SolutionGuid = {DCE8C5E8-7E23-4121-BBFE-7BB369D76205}
	EndGlobalSection
EndGlobal
